
Microsoft Visual Studio Solution File, Format Version 11.00
# Visual Studio 2010
Project("{FAE04EC0-301F-11D3-BF4B-00C04F79EFBC}") = "PageTypeTabs.Web", "PageTypeTabs.Web\PageTypeTabs.Web.csproj", "{0D6CA541-98AB-4208-928E-4039667409D8}"
EndProject
Project("{FAE04EC0-301F-11D3-BF4B-00C04F79EFBC}") = "PageTypeTabs", "PageTypeTabs\PageTypeTabs.csproj", "{B956D364-488A-47D2-B4EE-0CC542FA86AE}"
EndProject
Global
	GlobalSection(SolutionConfigurationPlatforms) = preSolution
		Debug|Any CPU = Debug|Any CPU
		Release|Any CPU = Release|Any CPU
	EndGlobalSection
	GlobalSection(ProjectConfigurationPlatforms) = postSolution
		{0D6CA541-98AB-4208-928E-4039667409D8}.Debug|Any CPU.ActiveCfg = Debug|Any CPU
		{0D6CA541-98AB-4208-928E-4039667409D8}.Debug|Any CPU.Build.0 = Debug|Any CPU
		{0D6CA541-98AB-4208-928E-4039667409D8}.Release|Any CPU.ActiveCfg = Release|Any CPU
		{0D6CA541-98AB-4208-928E-4039667409D8}.Release|Any CPU.Build.0 = Release|Any CPU
		{B956D364-488A-47D2-B4EE-0CC542FA86AE}.Debug|Any CPU.ActiveCfg = Debug|Any CPU
		{B956D364-488A-47D2-B4EE-0CC542FA86AE}.Debug|Any CPU.Build.0 = Debug|Any CPU
		{B956D364-488A-47D2-B4EE-0CC542FA86AE}.Release|Any CPU.ActiveCfg = Release|Any CPU
		{B956D364-488A-47D2-B4EE-0CC542FA86AE}.Release|Any CPU.Build.0 = Release|Any CPU
	EndGlobalSection
	GlobalSection(SolutionProperties) = preSolution
		HideSolutionNode = FALSE
	EndGlobalSection
EndGlobal
